
Microsoft Visual Studio Solution File, Format Version 12.00
# Visual Studio 14
VisualStudioVersion = 14.0.25420.1
MinimumVisualStudioVersion = 10.0.40219.1
Project("{8BC9CEB8-8B4A-11D0-8D11-00A0C91BC942}") = "foundation", "fundation\build\foundation.vcxproj", "{F42BD6D4-491A-4333-9990-A5FEAAB3B0BA}"
	ProjectSection(ProjectDependencies) = postProject
		{B479B6EF-787D-4716-912A-E0F6F7BDA7A9} = {B479B6EF-787D-4716-912A-E0F6F7BDA7A9}
	EndProjectSection
EndProject
Project("{2150E333-8FDC-42A3-9474-1A3956D46DE8}") = "dep", "dep", "{7F171EE8-1EA4-4101-9A79-5DF0781FA154}"
EndProject
Project("{8BC9CEB8-8B4A-11D0-8D11-00A0C91BC942}") = "paho-mqtt3cs", "dep\paho\Windows Build\paho-mqtt3cs\paho-mqtt3cs.vcxproj", "{17F07F98-AA5F-4373-9877-992A341D650A}"
EndProject
Project("{8BC9CEB8-8B4A-11D0-8D11-00A0C91BC942}") = "paho-mqtt3c", "dep\paho\Windows Build\paho-mqtt3c\paho-mqtt3c.vcxproj", "{172F8995-C780-44A1-996C-C7949B4DB35A}"
EndProject
Project("{2150E333-8FDC-42A3-9474-1A3956D46DE8}") = "tbox", "tbox", "{97785D9E-3D1F-4BFF-A031-745579B30809}"
EndProject
Project("{8BC9CEB8-8B4A-11D0-8D11-00A0C91BC942}") = "console", "tbox\console\console.vcxproj", "{8F723C67-51F5-48E5-82A9-C454A6F8DA35}"
EndProject
Project("{8BC9CEB8-8B4A-11D0-8D11-00A0C91BC942}") = "paho-mqtt3a", "dep\paho\Windows Build\paho-mqtt3a\paho-mqtt3a.vcxproj", "{B479B6EF-787D-4716-912A-E0F6F7BDA7A9}"
EndProject
Project("{8BC9CEB8-8B4A-11D0-8D11-00A0C91BC942}") = "paho-mqtt3as", "dep\paho\Windows Build\paho-mqtt3as\paho-mqtt3as.vcxproj", "{DEF21D1B-CB65-4A78-805F-CF421249EB83}"
EndProject
Project("{8BC9CEB8-8B4A-11D0-8D11-00A0C91BC942}") = "foundationTest", "foundationTest\foundationTest.vcxproj", "{F555D9EA-E316-4AFA-A375-787585BC0681}"
	ProjectSection(ProjectDependencies) = postProject
		{F42BD6D4-491A-4333-9990-A5FEAAB3B0BA} = {F42BD6D4-491A-4333-9990-A5FEAAB3B0BA}
	EndProjectSection
EndProject
Project("{2150E333-8FDC-42A3-9474-1A3956D46DE8}") = "test", "test", "{CBD70D85-F4FC-463F-A45C-C0FCB3E22AB0}"
EndProject
Project("{8BC9CEB8-8B4A-11D0-8D11-00A0C91BC942}") = "IntrProcess", "InterProcess\IntrProcess.vcxproj", "{9F88A8D3-56EE-4213-B1F5-F50A8A7980BB}"
EndProject
Project("{8BC9CEB8-8B4A-11D0-8D11-00A0C91BC942}") = "tbox", "tbox\build\mqtt.vcxproj", "{A0138B76-5EFE-41DD-9941-2DE724A03109}"
	ProjectSection(ProjectDependencies) = postProject
		{F42BD6D4-491A-4333-9990-A5FEAAB3B0BA} = {F42BD6D4-491A-4333-9990-A5FEAAB3B0BA}
		{B479B6EF-787D-4716-912A-E0F6F7BDA7A9} = {B479B6EF-787D-4716-912A-E0F6F7BDA7A9}
	EndProjectSection
EndProject
Project("{8BC9CEB8-8B4A-11D0-8D11-00A0C91BC942}") = "nmealib", "dep\nmealib\nmealib.vcxproj", "{AAFE697D-79AD-4C9E-9CE3-4570D9F2F545}"
EndProject
Global
	GlobalSection(SolutionConfigurationPlatforms) = preSolution
		Debug|win32 = Debug|win32
		Debug|x64 = Debug|x64
		DebugUI|win32 = DebugUI|win32
		DebugUI|x64 = DebugUI|x64
		ME_DEBUGUI|win32 = ME_DEBUGUI|win32
		ME_DEBUGUI|x64 = ME_DEBUGUI|x64
		Release|win32 = Release|win32
		Release|x64 = Release|x64
	EndGlobalSection
	GlobalSection(ProjectConfigurationPlatforms) = postSolution
		{F42BD6D4-491A-4333-9990-A5FEAAB3B0BA}.Debug|win32.ActiveCfg = Debug|Win32
		{F42BD6D4-491A-4333-9990-A5FEAAB3B0BA}.Debug|win32.Build.0 = Debug|Win32
		{F42BD6D4-491A-4333-9990-A5FEAAB3B0BA}.Debug|x64.ActiveCfg = Debug|x64
		{F42BD6D4-491A-4333-9990-A5FEAAB3B0BA}.Debug|x64.Build.0 = Debug|x64
		{F42BD6D4-491A-4333-9990-A5FEAAB3B0BA}.DebugUI|win32.ActiveCfg = DebugUI|Win32
		{F42BD6D4-491A-4333-9990-A5FEAAB3B0BA}.DebugUI|win32.Build.0 = DebugUI|Win32
		{F42BD6D4-491A-4333-9990-A5FEAAB3B0BA}.DebugUI|x64.ActiveCfg = DebugUI|x64
		{F42BD6D4-491A-4333-9990-A5FEAAB3B0BA}.DebugUI|x64.Build.0 = DebugUI|x64
		{F42BD6D4-491A-4333-9990-A5FEAAB3B0BA}.ME_DEBUGUI|win32.ActiveCfg = ME_DEBUGUI|Win32
		{F42BD6D4-491A-4333-9990-A5FEAAB3B0BA}.ME_DEBUGUI|win32.Build.0 = ME_DEBUGUI|Win32
		{F42BD6D4-491A-4333-9990-A5FEAAB3B0BA}.ME_DEBUGUI|x64.ActiveCfg = ME_DEBUGUI|x64
		{F42BD6D4-491A-4333-9990-A5FEAAB3B0BA}.ME_DEBUGUI|x64.Build.0 = ME_DEBUGUI|x64
		{F42BD6D4-491A-4333-9990-A5FEAAB3B0BA}.Release|win32.ActiveCfg = Release|Win32
		{F42BD6D4-491A-4333-9990-A5FEAAB3B0BA}.Release|win32.Build.0 = Release|Win32
		{F42BD6D4-491A-4333-9990-A5FEAAB3B0BA}.Release|x64.ActiveCfg = Release|x64
		{F42BD6D4-491A-4333-9990-A5FEAAB3B0BA}.Release|x64.Build.0 = Release|x64
		{17F07F98-AA5F-4373-9877-992A341D650A}.Debug|win32.ActiveCfg = Debug|Win32
		{17F07F98-AA5F-4373-9877-992A341D650A}.Debug|win32.Build.0 = Debug|Win32
		{17F07F98-AA5F-4373-9877-992A341D650A}.Debug|x64.ActiveCfg = Debug|x64
		{17F07F98-AA5F-4373-9877-992A341D650A}.Debug|x64.Build.0 = Debug|x64
		{17F07F98-AA5F-4373-9877-992A341D650A}.DebugUI|win32.ActiveCfg = DebugUI|Win32
		{17F07F98-AA5F-4373-9877-992A341D650A}.DebugUI|win32.Build.0 = DebugUI|Win32
		{17F07F98-AA5F-4373-9877-992A341D650A}.DebugUI|x64.ActiveCfg = DebugUI|x64
		{17F07F98-AA5F-4373-9877-992A341D650A}.DebugUI|x64.Build.0 = DebugUI|x64
		{17F07F98-AA5F-4373-9877-992A341D650A}.ME_DEBUGUI|win32.ActiveCfg = ME_DEBUGUI|Win32
		{17F07F98-AA5F-4373-9877-992A341D650A}.ME_DEBUGUI|win32.Build.0 = ME_DEBUGUI|Win32
		{17F07F98-AA5F-4373-9877-992A341D650A}.ME_DEBUGUI|x64.ActiveCfg = ME_DEBUGUI|x64
		{17F07F98-AA5F-4373-9877-992A341D650A}.ME_DEBUGUI|x64.Build.0 = ME_DEBUGUI|x64
		{17F07F98-AA5F-4373-9877-992A341D650A}.Release|win32.ActiveCfg = Release|Win32
		{17F07F98-AA5F-4373-9877-992A341D650A}.Release|win32.Build.0 = Release|Win32
		{17F07F98-AA5F-4373-9877-992A341D650A}.Release|x64.ActiveCfg = Release|x64
		{17F07F98-AA5F-4373-9877-992A341D650A}.Release|x64.Build.0 = Release|x64
		{172F8995-C780-44A1-996C-C7949B4DB35A}.Debug|win32.ActiveCfg = Debug|Win32
		{172F8995-C780-44A1-996C-C7949B4DB35A}.Debug|win32.Build.0 = Debug|Win32
		{172F8995-C780-44A1-996C-C7949B4DB35A}.Debug|x64.ActiveCfg = Debug|x64
		{172F8995-C780-44A1-996C-C7949B4DB35A}.Debug|x64.Build.0 = Debug|x64
		{172F8995-C780-44A1-996C-C7949B4DB35A}.DebugUI|win32.ActiveCfg = DebugUI|Win32
		{172F8995-C780-44A1-996C-C7949B4DB35A}.DebugUI|win32.Build.0 = DebugUI|Win32
		{172F8995-C780-44A1-996C-C7949B4DB35A}.DebugUI|x64.ActiveCfg = DebugUI|x64
		{172F8995-C780-44A1-996C-C7949B4DB35A}.DebugUI|x64.Build.0 = DebugUI|x64
		{172F8995-C780-44A1-996C-C7949B4DB35A}.ME_DEBUGUI|win32.ActiveCfg = ME_DEBUGUI|Win32
		{172F8995-C780-44A1-996C-C7949B4DB35A}.ME_DEBUGUI|win32.Build.0 = ME_DEBUGUI|Win32
		{172F8995-C780-44A1-996C-C7949B4DB35A}.ME_DEBUGUI|x64.ActiveCfg = ME_DEBUGUI|x64
		{172F8995-C780-44A1-996C-C7949B4DB35A}.ME_DEBUGUI|x64.Build.0 = ME_DEBUGUI|x64
		{172F8995-C780-44A1-996C-C7949B4DB35A}.Release|win32.ActiveCfg = Release|Win32
		{172F8995-C780-44A1-996C-C7949B4DB35A}.Release|win32.Build.0 = Release|Win32
		{172F8995-C780-44A1-996C-C7949B4DB35A}.Release|x64.ActiveCfg = Release|x64
		{172F8995-C780-44A1-996C-C7949B4DB35A}.Release|x64.Build.0 = Release|x64
		{8F723C67-51F5-48E5-82A9-C454A6F8DA35}.Debug|win32.ActiveCfg = Debug|Win32
		{8F723C67-51F5-48E5-82A9-C454A6F8DA35}.Debug|win32.Build.0 = Debug|Win32
		{8F723C67-51F5-48E5-82A9-C454A6F8DA35}.Debug|x64.ActiveCfg = Debug|x64
		{8F723C67-51F5-48E5-82A9-C454A6F8DA35}.Debug|x64.Build.0 = Debug|x64
		{8F723C67-51F5-48E5-82A9-C454A6F8DA35}.DebugUI|win32.ActiveCfg = DebugUI|Win32
		{8F723C67-51F5-48E5-82A9-C454A6F8DA35}.DebugUI|win32.Build.0 = DebugUI|Win32
		{8F723C67-51F5-48E5-82A9-C454A6F8DA35}.DebugUI|x64.ActiveCfg = DebugUI|x64
		{8F723C67-51F5-48E5-82A9-C454A6F8DA35}.DebugUI|x64.Build.0 = DebugUI|x64
		{8F723C67-51F5-48E5-82A9-C454A6F8DA35}.ME_DEBUGUI|win32.ActiveCfg = ME_DEBUGUI|Win32
		{8F723C67-51F5-48E5-82A9-C454A6F8DA35}.ME_DEBUGUI|win32.Build.0 = ME_DEBUGUI|Win32
		{8F723C67-51F5-48E5-82A9-C454A6F8DA35}.ME_DEBUGUI|x64.ActiveCfg = ME_DEBUGUI|x64
		{8F723C67-51F5-48E5-82A9-C454A6F8DA35}.ME_DEBUGUI|x64.Build.0 = ME_DEBUGUI|x64
		{8F723C67-51F5-48E5-82A9-C454A6F8DA35}.Release|win32.ActiveCfg = Release|Win32
		{8F723C67-51F5-48E5-82A9-C454A6F8DA35}.Release|win32.Build.0 = Release|Win32
		{8F723C67-51F5-48E5-82A9-C454A6F8DA35}.Release|x64.ActiveCfg = Release|x64
		{8F723C67-51F5-48E5-82A9-C454A6F8DA35}.Release|x64.Build.0 = Release|x64
		{B479B6EF-787D-4716-912A-E0F6F7BDA7A9}.Debug|win32.ActiveCfg = Debug|Win32
		{B479B6EF-787D-4716-912A-E0F6F7BDA7A9}.Debug|win32.Build.0 = Debug|Win32
		{B479B6EF-787D-4716-912A-E0F6F7BDA7A9}.Debug|x64.ActiveCfg = Debug|x64
		{B479B6EF-787D-4716-912A-E0F6F7BDA7A9}.Debug|x64.Build.0 = Debug|x64
		{B479B6EF-787D-4716-912A-E0F6F7BDA7A9}.DebugUI|win32.ActiveCfg = DebugUI|Win32
		{B479B6EF-787D-4716-912A-E0F6F7BDA7A9}.DebugUI|win32.Build.0 = DebugUI|Win32
		{B479B6EF-787D-4716-912A-E0F6F7BDA7A9}.DebugUI|x64.ActiveCfg = Debug|x64
		{B479B6EF-787D-4716-912A-E0F6F7BDA7A9}.DebugUI|x64.Build.0 = Debug|x64
		{B479B6EF-787D-4716-912A-E0F6F7BDA7A9}.ME_DEBUGUI|win32.ActiveCfg = ME_DEBUGUI|Win32
		{B479B6EF-787D-4716-912A-E0F6F7BDA7A9}.ME_DEBUGUI|win32.Build.0 = ME_DEBUGUI|Win32
		{B479B6EF-787D-4716-912A-E0F6F7BDA7A9}.ME_DEBUGUI|x64.ActiveCfg = ME_DEBUGUI|x64
		{B479B6EF-787D-4716-912A-E0F6F7BDA7A9}.ME_DEBUGUI|x64.Build.0 = ME_DEBUGUI|x64
		{B479B6EF-787D-4716-912A-E0F6F7BDA7A9}.Release|win32.ActiveCfg = Release|Win32
		{B479B6EF-787D-4716-912A-E0F6F7BDA7A9}.Release|win32.Build.0 = Release|Win32
		{B479B6EF-787D-4716-912A-E0F6F7BDA7A9}.Release|x64.ActiveCfg = Release|x64
		{B479B6EF-787D-4716-912A-E0F6F7BDA7A9}.Release|x64.Build.0 = Release|x64
		{DEF21D1B-CB65-4A78-805F-CF421249EB83}.Debug|win32.ActiveCfg = Debug|Win32
		{DEF21D1B-CB65-4A78-805F-CF421249EB83}.Debug|win32.Build.0 = Debug|Win32
		{DEF21D1B-CB65-4A78-805F-CF421249EB83}.Debug|x64.ActiveCfg = Debug|x64
		{DEF21D1B-CB65-4A78-805F-CF421249EB83}.Debug|x64.Build.0 = Debug|x64
		{DEF21D1B-CB65-4A78-805F-CF421249EB83}.DebugUI|win32.ActiveCfg = Debug|Win32
		{DEF21D1B-CB65-4A78-805F-CF421249EB83}.DebugUI|win32.Build.0 = Debug|Win32
		{DEF21D1B-CB65-4A78-805F-CF421249EB83}.DebugUI|x64.ActiveCfg = Debug|x64
		{DEF21D1B-CB65-4A78-805F-CF421249EB83}.DebugUI|x64.Build.0 = Debug|x64
		{DEF21D1B-CB65-4A78-805F-CF421249EB83}.ME_DEBUGUI|win32.ActiveCfg = ME_DEBUGUI|Win32
		{DEF21D1B-CB65-4A78-805F-CF421249EB83}.ME_DEBUGUI|win32.Build.0 = ME_DEBUGUI|Win32
		{DEF21D1B-CB65-4A78-805F-CF421249EB83}.ME_DEBUGUI|x64.ActiveCfg = ME_DEBUGUI|x64
		{DEF21D1B-CB65-4A78-805F-CF421249EB83}.ME_DEBUGUI|x64.Build.0 = ME_DEBUGUI|x64
		{DEF21D1B-CB65-4A78-805F-CF421249EB83}.Release|win32.ActiveCfg = Release|Win32
		{DEF21D1B-CB65-4A78-805F-CF421249EB83}.Release|win32.Build.0 = Release|Win32
		{DEF21D1B-CB65-4A78-805F-CF421249EB83}.Release|x64.ActiveCfg = Release|x64
		{DEF21D1B-CB65-4A78-805F-CF421249EB83}.Release|x64.Build.0 = Release|x64
		{F555D9EA-E316-4AFA-A375-787585BC0681}.Debug|win32.ActiveCfg = Debug|Win32
		{F555D9EA-E316-4AFA-A375-787585BC0681}.Debug|win32.Build.0 = Debug|Win32
		{F555D9EA-E316-4AFA-A375-787585BC0681}.Debug|x64.ActiveCfg = Debug|x64
		{F555D9EA-E316-4AFA-A375-787585BC0681}.Debug|x64.Build.0 = Debug|x64
		{F555D9EA-E316-4AFA-A375-787585BC0681}.DebugUI|win32.ActiveCfg = Release|Win32
		{F555D9EA-E316-4AFA-A375-787585BC0681}.DebugUI|win32.Build.0 = Release|Win32
		{F555D9EA-E316-4AFA-A375-787585BC0681}.DebugUI|x64.ActiveCfg = Debug|x64
		{F555D9EA-E316-4AFA-A375-787585BC0681}.DebugUI|x64.Build.0 = Debug|x64
		{F555D9EA-E316-4AFA-A375-787585BC0681}.ME_DEBUGUI|win32.ActiveCfg = ME_DEBUGUI|Win32
		{F555D9EA-E316-4AFA-A375-787585BC0681}.ME_DEBUGUI|win32.Build.0 = ME_DEBUGUI|Win32
		{F555D9EA-E316-4AFA-A375-787585BC0681}.ME_DEBUGUI|x64.ActiveCfg = ME_DEBUGUI|x64
		{F555D9EA-E316-4AFA-A375-787585BC0681}.ME_DEBUGUI|x64.Build.0 = ME_DEBUGUI|x64
		{F555D9EA-E316-4AFA-A375-787585BC0681}.Release|win32.ActiveCfg = Release|Win32
		{F555D9EA-E316-4AFA-A375-787585BC0681}.Release|win32.Build.0 = Release|Win32
		{F555D9EA-E316-4AFA-A375-787585BC0681}.Release|x64.ActiveCfg = Release|x64
		{F555D9EA-E316-4AFA-A375-787585BC0681}.Release|x64.Build.0 = Release|x64
		{9F88A8D3-56EE-4213-B1F5-F50A8A7980BB}.Debug|win32.ActiveCfg = Debug|Win32
		{9F88A8D3-56EE-4213-B1F5-F50A8A7980BB}.Debug|win32.Build.0 = Debug|Win32
		{9F88A8D3-56EE-4213-B1F5-F50A8A7980BB}.Debug|x64.ActiveCfg = Debug|x64
		{9F88A8D3-56EE-4213-B1F5-F50A8A7980BB}.Debug|x64.Build.0 = Debug|x64
		{9F88A8D3-56EE-4213-B1F5-F50A8A7980BB}.DebugUI|win32.ActiveCfg = Debug|Win32
		{9F88A8D3-56EE-4213-B1F5-F50A8A7980BB}.DebugUI|win32.Build.0 = Debug|Win32
		{9F88A8D3-56EE-4213-B1F5-F50A8A7980BB}.DebugUI|x64.ActiveCfg = Debug|x64
		{9F88A8D3-56EE-4213-B1F5-F50A8A7980BB}.DebugUI|x64.Build.0 = Debug|x64
		{9F88A8D3-56EE-4213-B1F5-F50A8A7980BB}.ME_DEBUGUI|win32.ActiveCfg = Release|Win32
		{9F88A8D3-56EE-4213-B1F5-F50A8A7980BB}.ME_DEBUGUI|x64.ActiveCfg = Release|x64
		{9F88A8D3-56EE-4213-B1F5-F50A8A7980BB}.Release|win32.ActiveCfg = Release|Win32
		{9F88A8D3-56EE-4213-B1F5-F50A8A7980BB}.Release|win32.Build.0 = Release|Win32
		{9F88A8D3-56EE-4213-B1F5-F50A8A7980BB}.Release|x64.ActiveCfg = Release|x64
		{9F88A8D3-56EE-4213-B1F5-F50A8A7980BB}.Release|x64.Build.0 = Release|x64
		{A0138B76-5EFE-41DD-9941-2DE724A03109}.Debug|win32.ActiveCfg = Debug|Win32
		{A0138B76-5EFE-41DD-9941-2DE724A03109}.Debug|win32.Build.0 = Debug|Win32
		{A0138B76-5EFE-41DD-9941-2DE724A03109}.Debug|x64.ActiveCfg = Debug|x64
		{A0138B76-5EFE-41DD-9941-2DE724A03109}.Debug|x64.Build.0 = Debug|x64
		{A0138B76-5EFE-41DD-9941-2DE724A03109}.DebugUI|win32.ActiveCfg = DebugUI|Win32
		{A0138B76-5EFE-41DD-9941-2DE724A03109}.DebugUI|win32.Build.0 = DebugUI|Win32
		{A0138B76-5EFE-41DD-9941-2DE724A03109}.DebugUI|x64.ActiveCfg = DebugUI|x64
		{A0138B76-5EFE-41DD-9941-2DE724A03109}.DebugUI|x64.Build.0 = DebugUI|x64
		{A0138B76-5EFE-41DD-9941-2DE724A03109}.ME_DEBUGUI|win32.ActiveCfg = ME_DEBUGUI|Win32
		{A0138B76-5EFE-41DD-9941-2DE724A03109}.ME_DEBUGUI|win32.Build.0 = ME_DEBUGUI|Win32
		{A0138B76-5EFE-41DD-9941-2DE724A03109}.ME_DEBUGUI|x64.ActiveCfg = ME_DEBUGUI|x64
		{A0138B76-5EFE-41DD-9941-2DE724A03109}.ME_DEBUGUI|x64.Build.0 = ME_DEBUGUI|x64
		{A0138B76-5EFE-41DD-9941-2DE724A03109}.Release|win32.ActiveCfg = Release|Win32
		{A0138B76-5EFE-41DD-9941-2DE724A03109}.Release|win32.Build.0 = Release|Win32
		{A0138B76-5EFE-41DD-9941-2DE724A03109}.Release|x64.ActiveCfg = Release|x64
		{A0138B76-5EFE-41DD-9941-2DE724A03109}.Release|x64.Build.0 = Release|x64
		{AAFE697D-79AD-4C9E-9CE3-4570D9F2F545}.Debug|win32.ActiveCfg = Debug|Win32
		{AAFE697D-79AD-4C9E-9CE3-4570D9F2F545}.Debug|win32.Build.0 = Debug|Win32
		{AAFE697D-79AD-4C9E-9CE3-4570D9F2F545}.Debug|x64.ActiveCfg = Debug|x64
		{AAFE697D-79AD-4C9E-9CE3-4570D9F2F545}.Debug|x64.Build.0 = Debug|x64
		{AAFE697D-79AD-4C9E-9CE3-4570D9F2F545}.DebugUI|win32.ActiveCfg = Debug|Win32
		{AAFE697D-79AD-4C9E-9CE3-4570D9F2F545}.DebugUI|win32.Build.0 = Debug|Win32
		{AAFE697D-79AD-4C9E-9CE3-4570D9F2F545}.DebugUI|x64.ActiveCfg = Debug|x64
		{AAFE697D-79AD-4C9E-9CE3-4570D9F2F545}.DebugUI|x64.Build.0 = Debug|x64
		{AAFE697D-79AD-4C9E-9CE3-4570D9F2F545}.ME_DEBUGUI|win32.ActiveCfg = Release|Win32
		{AAFE697D-79AD-4C9E-9CE3-4570D9F2F545}.ME_DEBUGUI|win32.Build.0 = Release|Win32
		{AAFE697D-79AD-4C9E-9CE3-4570D9F2F545}.ME_DEBUGUI|x64.ActiveCfg = Release|x64
		{AAFE697D-79AD-4C9E-9CE3-4570D9F2F545}.ME_DEBUGUI|x64.Build.0 = Release|x64
		{AAFE697D-79AD-4C9E-9CE3-4570D9F2F545}.Release|win32.ActiveCfg = Release|Win32
		{AAFE697D-79AD-4C9E-9CE3-4570D9F2F545}.Release|win32.Build.0 = Release|Win32
		{AAFE697D-79AD-4C9E-9CE3-4570D9F2F545}.Release|x64.ActiveCfg = Release|x64
		{AAFE697D-79AD-4C9E-9CE3-4570D9F2F545}.Release|x64.Build.0 = Release|x64
	EndGlobalSection
	GlobalSection(SolutionProperties) = preSolution
		HideSolutionNode = FALSE
	EndGlobalSection
	GlobalSection(NestedProjects) = preSolution
		{17F07F98-AA5F-4373-9877-992A341D650A} = {7F171EE8-1EA4-4101-9A79-5DF0781FA154}
		{172F8995-C780-44A1-996C-C7949B4DB35A} = {7F171EE8-1EA4-4101-9A79-5DF0781FA154}
		{8F723C67-51F5-48E5-82A9-C454A6F8DA35} = {7F171EE8-1EA4-4101-9A79-5DF0781FA154}
		{B479B6EF-787D-4716-912A-E0F6F7BDA7A9} = {7F171EE8-1EA4-4101-9A79-5DF0781FA154}
		{DEF21D1B-CB65-4A78-805F-CF421249EB83} = {7F171EE8-1EA4-4101-9A79-5DF0781FA154}
		{F555D9EA-E316-4AFA-A375-787585BC0681} = {CBD70D85-F4FC-463F-A45C-C0FCB3E22AB0}
		{9F88A8D3-56EE-4213-B1F5-F50A8A7980BB} = {CBD70D85-F4FC-463F-A45C-C0FCB3E22AB0}
		{A0138B76-5EFE-41DD-9941-2DE724A03109} = {97785D9E-3D1F-4BFF-A031-745579B30809}
		{AAFE697D-79AD-4C9E-9CE3-4570D9F2F545} = {7F171EE8-1EA4-4101-9A79-5DF0781FA154}
	EndGlobalSection
EndGlobal
