
Microsoft Visual Studio Solution File, Format Version 12.00
# Visual Studio 14
VisualStudioVersion = 14.0.25420.1
MinimumVisualStudioVersion = 10.0.40219.1
Project("{8BC9CEB8-8B4A-11D0-8D11-00A0C91BC942}") = "nmealib", "nmealib.vcxproj", "{AAFE697D-79AD-4C9E-9CE3-4570D9F2F545}"
EndProject
Project("{2150E333-8FDC-42A3-9474-1A3956D46DE8}") = "samples", "samples", "{0B6166AA-E855-44BF-B7F6-C32BEC0CB47A}"
EndProject
Project("{8BC9CEB8-8B4A-11D0-8D11-00A0C91BC942}") = "generate", "samples\generate\generate.vcxproj", "{0C944D6F-8209-4387-AEAA-DEFB73776DC6}"
	ProjectSection(ProjectDependencies) = postProject
		{AAFE697D-79AD-4C9E-9CE3-4570D9F2F545} = {AAFE697D-79AD-4C9E-9CE3-4570D9F2F545}
	EndProjectSection
EndProject
Project("{8BC9CEB8-8B4A-11D0-8D11-00A0C91BC942}") = "generator", "samples\generator\generator.vcxproj", "{D642F77E-4840-4089-8008-03489602E2D2}"
	ProjectSection(ProjectDependencies) = postProject
		{AAFE697D-79AD-4C9E-9CE3-4570D9F2F545} = {AAFE697D-79AD-4C9E-9CE3-4570D9F2F545}
	EndProjectSection
EndProject
Project("{8BC9CEB8-8B4A-11D0-8D11-00A0C91BC942}") = "math", "samples\math\math.vcxproj", "{E9149757-4A31-4616-9C73-23C7460583C9}"
	ProjectSection(ProjectDependencies) = postProject
		{AAFE697D-79AD-4C9E-9CE3-4570D9F2F545} = {AAFE697D-79AD-4C9E-9CE3-4570D9F2F545}
	EndProjectSection
EndProject
Project("{8BC9CEB8-8B4A-11D0-8D11-00A0C91BC942}") = "parse", "samples\parse\parse.vcxproj", "{974613F5-4EB9-4261-B40E-9668C8243DD9}"
	ProjectSection(ProjectDependencies) = postProject
		{AAFE697D-79AD-4C9E-9CE3-4570D9F2F545} = {AAFE697D-79AD-4C9E-9CE3-4570D9F2F545}
	EndProjectSection
EndProject
Project("{8BC9CEB8-8B4A-11D0-8D11-00A0C91BC942}") = "parse_file", "samples\parse_file\parse_file.vcxproj", "{4519A1BB-197E-425C-BF0E-FCD939F56C95}"
	ProjectSection(ProjectDependencies) = postProject
		{AAFE697D-79AD-4C9E-9CE3-4570D9F2F545} = {AAFE697D-79AD-4C9E-9CE3-4570D9F2F545}
	EndProjectSection
EndProject
Project("{8BC9CEB8-8B4A-11D0-8D11-00A0C91BC942}") = "parse_serial", "samples\parse_serial\parse_serial.vcxproj", "{2111B0D3-5D06-46BD-8BB5-2A9692830DC4}"
EndProject
Global
	GlobalSection(SolutionConfigurationPlatforms) = preSolution
		Debug|x64 = Debug|x64
		Debug|x86 = Debug|x86
		Release|x64 = Release|x64
		Release|x86 = Release|x86
	EndGlobalSection
	GlobalSection(ProjectConfigurationPlatforms) = postSolution
		{AAFE697D-79AD-4C9E-9CE3-4570D9F2F545}.Debug|x64.ActiveCfg = Debug|x64
		{AAFE697D-79AD-4C9E-9CE3-4570D9F2F545}.Debug|x64.Build.0 = Debug|x64
		{AAFE697D-79AD-4C9E-9CE3-4570D9F2F545}.Debug|x86.ActiveCfg = Debug|Win32
		{AAFE697D-79AD-4C9E-9CE3-4570D9F2F545}.Debug|x86.Build.0 = Debug|Win32
		{AAFE697D-79AD-4C9E-9CE3-4570D9F2F545}.Release|x64.ActiveCfg = Release|x64
		{AAFE697D-79AD-4C9E-9CE3-4570D9F2F545}.Release|x64.Build.0 = Release|x64
		{AAFE697D-79AD-4C9E-9CE3-4570D9F2F545}.Release|x86.ActiveCfg = Release|Win32
		{AAFE697D-79AD-4C9E-9CE3-4570D9F2F545}.Release|x86.Build.0 = Release|Win32
		{0C944D6F-8209-4387-AEAA-DEFB73776DC6}.Debug|x64.ActiveCfg = Debug|x64
		{0C944D6F-8209-4387-AEAA-DEFB73776DC6}.Debug|x64.Build.0 = Debug|x64
		{0C944D6F-8209-4387-AEAA-DEFB73776DC6}.Debug|x86.ActiveCfg = Debug|Win32
		{0C944D6F-8209-4387-AEAA-DEFB73776DC6}.Debug|x86.Build.0 = Debug|Win32
		{0C944D6F-8209-4387-AEAA-DEFB73776DC6}.Release|x64.ActiveCfg = Release|x64
		{0C944D6F-8209-4387-AEAA-DEFB73776DC6}.Release|x64.Build.0 = Release|x64
		{0C944D6F-8209-4387-AEAA-DEFB73776DC6}.Release|x86.ActiveCfg = Release|Win32
		{0C944D6F-8209-4387-AEAA-DEFB73776DC6}.Release|x86.Build.0 = Release|Win32
		{D642F77E-4840-4089-8008-03489602E2D2}.Debug|x64.ActiveCfg = Debug|x64
		{D642F77E-4840-4089-8008-03489602E2D2}.Debug|x64.Build.0 = Debug|x64
		{D642F77E-4840-4089-8008-03489602E2D2}.Debug|x86.ActiveCfg = Debug|Win32
		{D642F77E-4840-4089-8008-03489602E2D2}.Debug|x86.Build.0 = Debug|Win32
		{D642F77E-4840-4089-8008-03489602E2D2}.Release|x64.ActiveCfg = Release|x64
		{D642F77E-4840-4089-8008-03489602E2D2}.Release|x64.Build.0 = Release|x64
		{D642F77E-4840-4089-8008-03489602E2D2}.Release|x86.ActiveCfg = Release|Win32
		{D642F77E-4840-4089-8008-03489602E2D2}.Release|x86.Build.0 = Release|Win32
		{E9149757-4A31-4616-9C73-23C7460583C9}.Debug|x64.ActiveCfg = Debug|x64
		{E9149757-4A31-4616-9C73-23C7460583C9}.Debug|x64.Build.0 = Debug|x64
		{E9149757-4A31-4616-9C73-23C7460583C9}.Debug|x86.ActiveCfg = Debug|Win32
		{E9149757-4A31-4616-9C73-23C7460583C9}.Debug|x86.Build.0 = Debug|Win32
		{E9149757-4A31-4616-9C73-23C7460583C9}.Release|x64.ActiveCfg = Release|x64
		{E9149757-4A31-4616-9C73-23C7460583C9}.Release|x64.Build.0 = Release|x64
		{E9149757-4A31-4616-9C73-23C7460583C9}.Release|x86.ActiveCfg = Release|Win32
		{E9149757-4A31-4616-9C73-23C7460583C9}.Release|x86.Build.0 = Release|Win32
		{974613F5-4EB9-4261-B40E-9668C8243DD9}.Debug|x64.ActiveCfg = Debug|x64
		{974613F5-4EB9-4261-B40E-9668C8243DD9}.Debug|x64.Build.0 = Debug|x64
		{974613F5-4EB9-4261-B40E-9668C8243DD9}.Debug|x86.ActiveCfg = Debug|Win32
		{974613F5-4EB9-4261-B40E-9668C8243DD9}.Debug|x86.Build.0 = Debug|Win32
		{974613F5-4EB9-4261-B40E-9668C8243DD9}.Release|x64.ActiveCfg = Release|x64
		{974613F5-4EB9-4261-B40E-9668C8243DD9}.Release|x64.Build.0 = Release|x64
		{974613F5-4EB9-4261-B40E-9668C8243DD9}.Release|x86.ActiveCfg = Release|Win32
		{974613F5-4EB9-4261-B40E-9668C8243DD9}.Release|x86.Build.0 = Release|Win32
		{4519A1BB-197E-425C-BF0E-FCD939F56C95}.Debug|x64.ActiveCfg = Debug|x64
		{4519A1BB-197E-425C-BF0E-FCD939F56C95}.Debug|x64.Build.0 = Debug|x64
		{4519A1BB-197E-425C-BF0E-FCD939F56C95}.Debug|x86.ActiveCfg = Debug|Win32
		{4519A1BB-197E-425C-BF0E-FCD939F56C95}.Debug|x86.Build.0 = Debug|Win32
		{4519A1BB-197E-425C-BF0E-FCD939F56C95}.Release|x64.ActiveCfg = Release|x64
		{4519A1BB-197E-425C-BF0E-FCD939F56C95}.Release|x64.Build.0 = Release|x64
		{4519A1BB-197E-425C-BF0E-FCD939F56C95}.Release|x86.ActiveCfg = Release|Win32
		{4519A1BB-197E-425C-BF0E-FCD939F56C95}.Release|x86.Build.0 = Release|Win32
		{2111B0D3-5D06-46BD-8BB5-2A9692830DC4}.Debug|x64.ActiveCfg = Debug|x64
		{2111B0D3-5D06-46BD-8BB5-2A9692830DC4}.Debug|x64.Build.0 = Debug|x64
		{2111B0D3-5D06-46BD-8BB5-2A9692830DC4}.Debug|x86.ActiveCfg = Debug|Win32
		{2111B0D3-5D06-46BD-8BB5-2A9692830DC4}.Debug|x86.Build.0 = Debug|Win32
		{2111B0D3-5D06-46BD-8BB5-2A9692830DC4}.Release|x64.ActiveCfg = Release|x64
		{2111B0D3-5D06-46BD-8BB5-2A9692830DC4}.Release|x64.Build.0 = Release|x64
		{2111B0D3-5D06-46BD-8BB5-2A9692830DC4}.Release|x86.ActiveCfg = Release|Win32
		{2111B0D3-5D06-46BD-8BB5-2A9692830DC4}.Release|x86.Build.0 = Release|Win32
	EndGlobalSection
	GlobalSection(SolutionProperties) = preSolution
		HideSolutionNode = FALSE
	EndGlobalSection
	GlobalSection(NestedProjects) = preSolution
		{0C944D6F-8209-4387-AEAA-DEFB73776DC6} = {0B6166AA-E855-44BF-B7F6-C32BEC0CB47A}
		{D642F77E-4840-4089-8008-03489602E2D2} = {0B6166AA-E855-44BF-B7F6-C32BEC0CB47A}
		{E9149757-4A31-4616-9C73-23C7460583C9} = {0B6166AA-E855-44BF-B7F6-C32BEC0CB47A}
		{974613F5-4EB9-4261-B40E-9668C8243DD9} = {0B6166AA-E855-44BF-B7F6-C32BEC0CB47A}
		{4519A1BB-197E-425C-BF0E-FCD939F56C95} = {0B6166AA-E855-44BF-B7F6-C32BEC0CB47A}
		{2111B0D3-5D06-46BD-8BB5-2A9692830DC4} = {0B6166AA-E855-44BF-B7F6-C32BEC0CB47A}
	EndGlobalSection
EndGlobal
